// !$*UTF8*$!
{
	archiveVersion = 1;
	classes = {
	};
	objectVersion = 54;
	objects = {

/* Begin PBXBuildFile section */
		9F48AFD32B1A403600B7582F /* viewControllerAgregar.swift in Sources */ = {isa = PBXBuildFile; fileRef = 9F48AFD22B1A403600B7582F /* viewControllerAgregar.swift */; };
		9FFEA5FE2B169809003C6420 /* AppDelegate.swift in Sources */ = {isa = PBXBuildFile; fileRef = 9FFEA5FD2B169809003C6420 /* AppDelegate.swift */; };
		9FFEA6002B169809003C6420 /* SceneDelegate.swift in Sources */ = {isa = PBXBuildFile; fileRef = 9FFEA5FF2B169809003C6420 /* SceneDelegate.swift */; };
		9FFEA6022B169809003C6420 /* ViewController.swift in Sources */ = {isa = PBXBuildFile; fileRef = 9FFEA6012B169809003C6420 /* ViewController.swift */; };
		9FFEA6052B169809003C6420 /* Main.storyboard in Resources */ = {isa = PBXBuildFile; fileRef = 9FFEA6032B169809003C6420 /* Main.storyboard */; };
		9FFEA6082B169809003C6420 /* JSONRESTful.xcdatamodeld in Sources */ = {isa = PBXBuildFile; fileRef = 9FFEA6062B169809003C6420 /* JSONRESTful.xcdatamodeld */; };
		9FFEA60A2B16980B003C6420 /* Assets.xcassets in Resources */ = {isa = PBXBuildFile; fileRef = 9FFEA6092B16980B003C6420 /* Assets.xcassets */; };
		9FFEA60D2B16980B003C6420 /* LaunchScreen.storyboard in Resources */ = {isa = PBXBuildFile; fileRef = 9FFEA60B2B16980B003C6420 /* LaunchScreen.storyboard */; };
		9FFEA6152B169BB9003C6420 /* Users.swift in Sources */ = {isa = PBXBuildFile; fileRef = 9FFEA6142B169BB9003C6420 /* Users.swift */; };
		9FFEA6172B16A776003C6420 /* viewControllerBuscar.swift in Sources */ = {isa = PBXBuildFile; fileRef = 9FFEA6162B16A776003C6420 /* viewControllerBuscar.swift */; };
		9FFEA6192B16A7B2003C6420 /* Peliculas.swift in Sources */ = {isa = PBXBuildFile; fileRef = 9FFEA6182B16A7B2003C6420 /* Peliculas.swift */; };
/* End PBXBuildFile section */

/* Begin PBXFileReference section */
		9F48AFD22B1A403600B7582F /* viewControllerAgregar.swift */ = {isa = PBXFileReference; lastKnownFileType = sourcecode.swift; path = viewControllerAgregar.swift; sourceTree = "<group>"; };
		9FFEA5FA2B169809003C6420 /* JSONRESTful.app */ = {isa = PBXFileReference; explicitFileType = wrapper.application; includeInIndex = 0; path = JSONRESTful.app; sourceTree = BUILT_PRODUCTS_DIR; };
		9FFEA5FD2B169809003C6420 /* AppDelegate.swift */ = {isa = PBXFileReference; lastKnownFileType = sourcecode.swift; path = AppDelegate.swift; sourceTree = "<group>"; };
		9FFEA5FF2B169809003C6420 /* SceneDelegate.swift */ = {isa = PBXFileReference; lastKnownFileType = sourcecode.swift; path = SceneDelegate.swift; sourceTree = "<group>"; };
		9FFEA6012B169809003C6420 /* ViewController.swift */ = {isa = PBXFileReference; lastKnownFileType = sourcecode.swift; path = ViewController.swift; sourceTree = "<group>"; };
		9FFEA6042B169809003C6420 /* Base */ = {isa = PBXFileReference; lastKnownFileType = file.storyboard; name = Base; path = Base.lproj/Main.storyboard; sourceTree = "<group>"; };
		9FFEA6072B169809003C6420 /* JSONRESTful.xcdatamodel */ = {isa = PBXFileReference; lastKnownFileType = wrapper.xcdatamodel; path = JSONRESTful.xcdatamodel; sourceTree = "<group>"; };
		9FFEA6092B16980B003C6420 /* Assets.xcassets */ = {isa = PBXFileReference; lastKnownFileType = folder.assetcatalog; path = Assets.xcassets; sourceTree = "<group>"; };
		9FFEA60C2B16980B003C6420 /* Base */ = {isa = PBXFileReference; lastKnownFileType = file.storyboard; name = Base; path = Base.lproj/LaunchScreen.storyboard; sourceTree = "<group>"; };
		9FFEA60E2B16980B003C6420 /* Info.plist */ = {isa = PBXFileReference; lastKnownFileType = text.plist.xml; path = Info.plist; sourceTree = "<group>"; };
		9FFEA6142B169BB9003C6420 /* Users.swift */ = {isa = PBXFileReference; lastKnownFileType = sourcecode.swift; path = Users.swift; sourceTree = "<group>"; };
		9FFEA6162B16A776003C6420 /* viewControllerBuscar.swift */ = {isa = PBXFileReference; lastKnownFileType = sourcecode.swift; path = viewControllerBuscar.swift; sourceTree = "<group>"; };
		9FFEA6182B16A7B2003C6420 /* Peliculas.swift */ = {isa = PBXFileReference; lastKnownFileType = sourcecode.swift; path = Peliculas.swift; sourceTree = "<group>"; };
/* End PBXFileReference section */

/* Begin PBXFrameworksBuildPhase section */
		9FFEA5F72B169809003C6420 /* Frameworks */ = {
			isa = PBXFrameworksBuildPhase;
			buildActionMask = 2147483647;
			files = (
			);
			runOnlyForDeploymentPostprocessing = 0;
		};
/* End PBXFrameworksBuildPhase section */

/* Begin PBXGroup section */
		9FFEA5F12B169809003C6420 = {
			isa = PBXGroup;
			children = (
				9FFEA5FC2B169809003C6420 /* JSONRESTful */,
				9FFEA5FB2B169809003C6420 /* Products */,
			);
			sourceTree = "<group>";
		};
		9FFEA5FB2B169809003C6420 /* Products */ = {
			isa = PBXGroup;
			children = (
				9FFEA5FA2B169809003C6420 /* JSONRESTful.app */,
			);
			name = Products;
			sourceTree = "<group>";
		};
		9FFEA5FC2B169809003C6420 /* JSONRESTful */ = {
			isa = PBXGroup;
			children = (
				9FFEA5FD2B169809003C6420 /* AppDelegate.swift */,
				9F48AFD22B1A403600B7582F /* viewControllerAgregar.swift */,
				9FFEA5FF2B169809003C6420 /* SceneDelegate.swift */,
				9FFEA6012B169809003C6420 /* ViewController.swift */,
				9FFEA6032B169809003C6420 /* Main.storyboard */,
				9FFEA6182B16A7B2003C6420 /* Peliculas.swift */,
				9FFEA6162B16A776003C6420 /* viewControllerBuscar.swift */,
				9FFEA6142B169BB9003C6420 /* Users.swift */,
				9FFEA6092B16980B003C6420 /* Assets.xcassets */,
				9FFEA60B2B16980B003C6420 /* LaunchScreen.storyboard */,
				9FFEA60E2B16980B003C6420 /* Info.plist */,
				9FFEA6062B169809003C6420 /* JSONRESTful.xcdatamodeld */,
			);
			path = JSONRESTful;
			sourceTree = "<group>";
		};
/* End PBXGroup section */

/* Begin PBXNativeTarget section */
		9FFEA5F92B169809003C6420 /* JSONRESTful */ = {
			isa = PBXNativeTarget;
			buildConfigurationList = 9FFEA6112B16980B003C6420 /* Build configuration list for PBXNativeTarget "JSONRESTful" */;
			buildPhases = (
				9FFEA5F62B169809003C6420 /* Sources */,
				9FFEA5F72B169809003C6420 /* Frameworks */,
				9FFEA5F82B169809003C6420 /* Resources */,
			);
			buildRules = (
			);
			dependencies = (
			);
			name = JSONRESTful;
			productName = JSONRESTful;
			productReference = 9FFEA5FA2B169809003C6420 /* JSONRESTful.app */;
			productType = "com.apple.product-type.application";
		};
/* End PBXNativeTarget section */

/* Begin PBXProject section */
		9FFEA5F22B169809003C6420 /* Project object */ = {
			isa = PBXProject;
			attributes = {
				BuildIndependentTargetsInParallel = 1;
				LastSwiftUpdateCheck = 1340;
				LastUpgradeCheck = 1340;
				TargetAttributes = {
					9FFEA5F92B169809003C6420 = {
						CreatedOnToolsVersion = 13.4.1;
					};
				};
			};
			buildConfigurationList = 9FFEA5F52B169809003C6420 /* Build configuration list for PBXProject "JSONRESTful" */;
			compatibilityVersion = "Xcode 12.0";
			developmentRegion = en;
			hasScannedForEncodings = 0;
			knownRegions = (
				en,
				Base,
			);
			mainGroup = 9FFEA5F12B169809003C6420;
			productRefGroup = 9FFEA5FB2B169809003C6420 /* Products */;
			projectDirPath = "";
			projectRoot = "";
			targets = (
				9FFEA5F92B169809003C6420 /* JSONRESTful */,
			);
		};
/* End PBXProject section */

/* Begin PBXResourcesBuildPhase section */
		9FFEA5F82B169809003C6420 /* Resources */ = {
			isa = PBXResourcesBuildPhase;
			buildActionMask = 2147483647;
			files = (
				9FFEA60D2B16980B003C6420 /* LaunchScreen.storyboard in Resources */,
				9FFEA60A2B16980B003C6420 /* Assets.xcassets in Resources */,
				9FFEA6052B169809003C6420 /* Main.storyboard in Resources */,
			);
			runOnlyForDeploymentPostprocessing = 0;
		};
/* End PBXResourcesBuildPhase section */

/* Begin PBXSourcesBuildPhase section */
		9FFEA5F62B169809003C6420 /* Sources */ = {
			isa = PBXSourcesBuildPhase;
			buildActionMask = 2147483647;
			files = (
				9FFEA6022B169809003C6420 /* ViewController.swift in Sources */,
				9FFEA5FE2B169809003C6420 /* AppDelegate.swift in Sources */,
				9FFEA6172B16A776003C6420 /* viewControllerBuscar.swift in Sources */,
				9FFEA6152B169BB9003C6420 /* Users.swift in Sources */,
				9FFEA6002B169809003C6420 /* SceneDelegate.swift in Sources */,
				9FFEA6082B169809003C6420 /* JSONRESTful.xcdatamodeld in Sources */,
				9F48AFD32B1A403600B7582F /* viewControllerAgregar.swift in Sources */,
				9FFEA6192B16A7B2003C6420 /* Peliculas.swift in Sources */,
			);
			runOnlyForDeploymentPostprocessing = 0;
		};
/* End PBXSourcesBuildPhase section */

/* Begin PBXVariantGroup section */
		9FFEA6032B169809003C6420 /* Main.storyboard */ = {
			isa = PBXVariantGroup;
			children = (
				9FFEA6042B169809003C6420 /* Base */,
			);
			name = Main.storyboard;
			sourceTree = "<group>";
		};
		9FFEA60B2B16980B003C6420 /* LaunchScreen.storyboard */ = {
			isa = PBXVariantGroup;
			children = (
				9FFEA60C2B16980B003C6420 /* Base */,
			);
			name = LaunchScreen.storyboard;
			sourceTree = "<group>";
		};
/* End PBXVariantGroup section */

/* Begin XCBuildConfiguration section */
		9FFEA60F2B16980B003C6420 /* Debug */ = {
			isa = XCBuildConfiguration;
			buildSettings = {
				ALWAYS_SEARCH_USER_PATHS = NO;
				CLANG_ANALYZER_NONNULL = YES;
				CLANG_ANALYZER_NUMBER_OBJECT_CONVERSION = YES_AGGRESSIVE;
				CLANG_CXX_LANGUAGE_STANDARD = "gnu++17";
				CLANG_ENABLE_MODULES = YES;
				CLANG_ENABLE_OBJC_ARC = YES;
				CLANG_ENABLE_OBJC_WEAK = YES;
				CLANG_WARN_BLOCK_CAPTURE_AUTORELEASING = YES;
				CLANG_WARN_BOOL_CONVERSION = YES;
				CLANG_WARN_COMMA = YES;
				CLANG_WARN_CONSTANT_CONVERSION = YES;
				CLANG_WARN_DEPRECATED_OBJC_IMPLEMENTATIONS = YES;
				CLANG_WARN_DIRECT_OBJC_ISA_USAGE = YES_ERROR;
				CLANG_WARN_DOCUMENTATION_COMMENTS = YES;
				CLANG_WARN_EMPTY_BODY = YES;
				CLANG_WARN_ENUM_CONVERSION = YES;
				CLANG_WARN_INFINITE_RECURSION = YES;
				CLANG_WARN_INT_CONVERSION = YES;
				CLANG_WARN_NON_LITERAL_NULL_CONVERSION = YES;
				CLANG_WARN_OBJC_IMPLICIT_RETAIN_SELF = YES;
				CLANG_WARN_OBJC_LITERAL_CONVERSION = YES;
				CLANG_WARN_OBJC_ROOT_CLASS = YES_ERROR;
				CLANG_WARN_QUOTED_INCLUDE_IN_FRAMEWORK_HEADER = YES;
				CLANG_WARN_RANGE_LOOP_ANALYSIS = YES;
				CLANG_WARN_STRICT_PROTOTYPES = YES;
				CLANG_WARN_SUSPICIOUS_MOVE = YES;
				CLANG_WARN_UNGUARDED_AVAILABILITY = YES_AGGRESSIVE;
				CLANG_WARN_UNREACHABLE_CODE = YES;
				CLANG_WARN__DUPLICATE_METHOD_MATCH = YES;
				COPY_PHASE_STRIP = NO;
				DEBUG_INFORMATION_FORMAT = dwarf;
				ENABLE_STRICT_OBJC_MSGSEND = YES;
				ENABLE_TESTABILITY = YES;
				GCC_C_LANGUAGE_STANDARD = gnu11;
				GCC_DYNAMIC_NO_PIC = NO;
				GCC_NO_COMMON_BLOCKS = YES;
				GCC_OPTIMIZATION_LEVEL = 0;
				GCC_PREPROCESSOR_DEFINITIONS = (
					"DEBUG=1",
					"$(inherited)",
				);
				GCC_WARN_64_TO_32_BIT_CONVERSION = YES;
				GCC_WARN_ABOUT_RETURN_TYPE = YES_ERROR;
				GCC_WARN_UNDECLARED_SELECTOR = YES;
				GCC_WARN_UNINITIALIZED_AUTOS = YES_AGGRESSIVE;
				GCC_WARN_UNUSED_FUNCTION = YES;
				GCC_WARN_UNUSED_VARIABLE = YES;
				IPHONEOS_DEPLOYMENT_TARGET = 15.0;
				MTL_ENABLE_DEBUG_INFO = INCLUDE_SOURCE;
				MTL_FAST_MATH = YES;
				ONLY_ACTIVE_ARCH = YES;
				SDKROOT = iphoneos;
				SWIFT_ACTIVE_COMPILATION_CONDITIONS = DEBUG;
				SWIFT_OPTIMIZATION_LEVEL = "-Onone";
			};
			name = Debug;
		};
		9FFEA6102B16980B003C6420 /* Release */ = {
			isa = XCBuildConfiguration;
			buildSettings = {
				ALWAYS_SEARCH_USER_PATHS = NO;
				CLANG_ANALYZER_NONNULL = YES;
				CLANG_ANALYZER_NUMBER_OBJECT_CONVERSION = YES_AGGRESSIVE;
				CLANG_CXX_LANGUAGE_STANDARD = "gnu++17";
				CLANG_ENABLE_MODULES = YES;
				CLANG_ENABLE_OBJC_ARC = YES;
				CLANG_ENABLE_OBJC_WEAK = YES;
				CLANG_WARN_BLOCK_CAPTURE_AUTORELEASING = YES;
				CLANG_WARN_BOOL_CONVERSION = YES;
				CLANG_WARN_COMMA = YES;
				CLANG_WARN_CONSTANT_CONVERSION = YES;
				CLANG_WARN_DEPRECATED_OBJC_IMPLEMENTATIONS = YES;
				CLANG_WARN_DIRECT_OBJC_ISA_USAGE = YES_ERROR;
				CLANG_WARN_DOCUMENTATION_COMMENTS = YES;
				CLANG_WARN_EMPTY_BODY = YES;
				CLANG_WARN_ENUM_CONVERSION = YES;
				CLANG_WARN_INFINITE_RECURSION = YES;
				CLANG_WARN_INT_CONVERSION = YES;
				CLANG_WARN_NON_LITERAL_NULL_CONVERSION = YES;
				CLANG_WARN_OBJC_IMPLICIT_RETAIN_SELF = YES;
				CLANG_WARN_OBJC_LITERAL_CONVERSION = YES;
				CLANG_WARN_OBJC_ROOT_CLASS = YES_ERROR;
				CLANG_WARN_QUOTED_INCLUDE_IN_FRAMEWORK_HEADER = YES;
				CLANG_WARN_RANGE_LOOP_ANALYSIS = YES;
				CLANG_WARN_STRICT_PROTOTYPES = YES;
				CLANG_WARN_SUSPICIOUS_MOVE = YES;
				CLANG_WARN_UNGUARDED_AVAILABILITY = YES_AGGRESSIVE;
				CLANG_WARN_UNREACHABLE_CODE = YES;
				CLANG_WARN__DUPLICATE_METHOD_MATCH = YES;
				COPY_PHASE_STRIP = NO;
				DEBUG_INFORMATION_FORMAT = "dwarf-with-dsym";
				ENABLE_NS_ASSERTIONS = NO;
				ENABLE_STRICT_OBJC_MSGSEND = YES;
				GCC_C_LANGUAGE_STANDARD = gnu11;
				GCC_NO_COMMON_BLOCKS = YES;
				GCC_WARN_64_TO_32_BIT_CONVERSION = YES;
				GCC_WARN_ABOUT_RETURN_TYPE = YES_ERROR;
				GCC_WARN_UNDECLARED_SELECTOR = YES;
				GCC_WARN_UNINITIALIZED_AUTOS = YES_AGGRESSIVE;
				GCC_WARN_UNUSED_FUNCTION = YES;
				GCC_WARN_UNUSED_VARIABLE = YES;
				IPHONEOS_DEPLOYMENT_TARGET = 15.0;
				MTL_ENABLE_DEBUG_INFO = NO;
				MTL_FAST_MATH = YES;
				SDKROOT = iphoneos;
				SWIFT_COMPILATION_MODE = wholemodule;
				SWIFT_OPTIMIZATION_LEVEL = "-O";
				VALIDATE_PRODUCT = YES;
			};
			name = Release;
		};
		9FFEA6122B16980B003C6420 /* Debug */ = {
			isa = XCBuildConfiguration;
			buildSettings = {
				ASSETCATALOG_COMPILER_APPICON_NAME = AppIcon;
				ASSETCATALOG_COMPILER_GLOBAL_ACCENT_COLOR_NAME = AccentColor;
				CODE_SIGN_STYLE = Automatic;
				CURRENT_PROJECT_VERSION = 1;
				GENERATE_INFOPLIST_FILE = YES;
				INFOPLIST_FILE = JSONRESTful/Info.plist;
				INFOPLIST_KEY_UIApplicationSupportsIndirectInputEvents = YES;
				INFOPLIST_KEY_UILaunchStoryboardName = LaunchScreen;
				INFOPLIST_KEY_UIMainStoryboardFile = Main;
				INFOPLIST_KEY_UISupportedInterfaceOrientations_iPad = "UIInterfaceOrientationPortrait UIInterfaceOrientationPortraitUpsideDown UIInterfaceOrientationLandscapeLeft UIInterfaceOrientationLandscapeRight";
				INFOPLIST_KEY_UISupportedInterfaceOrientations_iPhone = "UIInterfaceOrientationPortrait UIInterfaceOrientationLandscapeLeft UIInterfaceOrientationLandscapeRight";
				IPHONEOS_DEPLOYMENT_TARGET = 15.0;
				LD_RUNPATH_SEARCH_PATHS = (
					"$(inherited)",
					"@executable_path/Frameworks",
				);
				MARKETING_VERSION = 1.0;
				PRODUCT_BUNDLE_IDENTIFIER = com.miempresa.JSONRESTful;
				PRODUCT_NAME = "$(TARGET_NAME)";
				SWIFT_EMIT_LOC_STRINGS = YES;
				SWIFT_VERSION = 5.0;
				TARGETED_DEVICE_FAMILY = "1,2";
			};
			name = Debug;
		};
		9FFEA6132B16980B003C6420 /* Release */ = {
			isa = XCBuildConfiguration;
			buildSettings = {
				ASSETCATALOG_COMPILER_APPICON_NAME = AppIcon;
				ASSETCATALOG_COMPILER_GLOBAL_ACCENT_COLOR_NAME = AccentColor;
				CODE_SIGN_STYLE = Automatic;
				CURRENT_PROJECT_VERSION = 1;
				GENERATE_INFOPLIST_FILE = YES;
				INFOPLIST_FILE = JSONRESTful/Info.plist;
				INFOPLIST_KEY_UIApplicationSupportsIndirectInputEvents = YES;
				INFOPLIST_KEY_UILaunchStoryboardName = LaunchScreen;
				INFOPLIST_KEY_UIMainStoryboardFile = Main;
				INFOPLIST_KEY_UISupportedInterfaceOrientations_iPad = "UIInterfaceOrientationPortrait UIInterfaceOrientationPortraitUpsideDown UIInterfaceOrientationLandscapeLeft UIInterfaceOrientationLandscapeRight";
				INFOPLIST_KEY_UISupportedInterfaceOrientations_iPhone = "UIInterfaceOrientationPortrait UIInterfaceOrientationLandscapeLeft UIInterfaceOrientationLandscapeRight";
				IPHONEOS_DEPLOYMENT_TARGET = 15.0;
				LD_RUNPATH_SEARCH_PATHS = (
					"$(inherited)",
					"@executable_path/Frameworks",
				);
				MARKETING_VERSION = 1.0;
				PRODUCT_BUNDLE_IDENTIFIER = com.miempresa.JSONRESTful;
				PRODUCT_NAME = "$(TARGET_NAME)";
				SWIFT_EMIT_LOC_STRINGS = YES;
				SWIFT_VERSION = 5.0;
				TARGETED_DEVICE_FAMILY = "1,2";
			};
			name = Release;
		};
/* End XCBuildConfiguration section */

/* Begin XCConfigurationList section */
		9FFEA5F52B169809003C6420 /* Build configuration list for PBXProject "JSONRESTful" */ = {
			isa = XCConfigurationList;
			buildConfigurations = (
				9FFEA60F2B16980B003C6420 /* Debug */,
				9FFEA6102B16980B003C6420 /* Release */,
			);
			defaultConfigurationIsVisible = 0;
			defaultConfigurationName = Release;
		};
		9FFEA6112B16980B003C6420 /* Build configuration list for PBXNativeTarget "JSONRESTful" */ = {
			isa = XCConfigurationList;
			buildConfigurations = (
				9FFEA6122B16980B003C6420 /* Debug */,
				9FFEA6132B16980B003C6420 /* Release */,
			);
			defaultConfigurationIsVisible = 0;
			defaultConfigurationName = Release;
		};
/* End XCConfigurationList section */

/* Begin XCVersionGroup section */
		9FFEA6062B169809003C6420 /* JSONRESTful.xcdatamodeld */ = {
			isa = XCVersionGroup;
			children = (
				9FFEA6072B169809003C6420 /* JSONRESTful.xcdatamodel */,
			);
			currentVersion = 9FFEA6072B169809003C6420 /* JSONRESTful.xcdatamodel */;
			path = JSONRESTful.xcdatamodeld;
			sourceTree = "<group>";
			versionGroupType = wrapper.xcdatamodel;
		};
/* End XCVersionGroup section */
	};
	rootObject = 9FFEA5F22B169809003C6420 /* Project object */;
}
